// !$*UTF8*$!
{
	archiveVersion = 1;
	classes = {
	};
	objectVersion = 50;
	objects = {

/* Begin PBXBuildFile section */
		1CCEB65624AE80EC000910DB /* AppDelegate.swift in Sources */ = {isa = PBXBuildFile; fileRef = 1CCEB65524AE80EC000910DB /* AppDelegate.swift */; };
		1CCEB65824AE80EC000910DB /* SceneDelegate.swift in Sources */ = {isa = PBXBuildFile; fileRef = 1CCEB65724AE80EC000910DB /* SceneDelegate.swift */; };
		1CCEB65A24AE80EC000910DB /* ViewController.swift in Sources */ = {isa = PBXBuildFile; fileRef = 1CCEB65924AE80EC000910DB /* ViewController.swift */; };
		1CCEB65D24AE80EC000910DB /* Main.storyboard in Resources */ = {isa = PBXBuildFile; fileRef = 1CCEB65B24AE80EC000910DB /* Main.storyboard */; };
		1CCEB65F24AE80ED000910DB /* Assets.xcassets in Resources */ = {isa = PBXBuildFile; fileRef = 1CCEB65E24AE80ED000910DB /* Assets.xcassets */; };
		1CCEB66224AE80ED000910DB /* LaunchScreen.storyboard in Resources */ = {isa = PBXBuildFile; fileRef = 1CCEB66024AE80ED000910DB /* LaunchScreen.storyboard */; };
		1CCEB66A24AE8700000910DB /* StartSteps.swift in Sources */ = {isa = PBXBuildFile; fileRef = 1CCEB66924AE8700000910DB /* StartSteps.swift */; };
/* End PBXBuildFile section */

/* Begin PBXFileReference section */
		1CCEB65224AE80EC000910DB /* TrackingSteps.app */ = {isa = PBXFileReference; explicitFileType = wrapper.application; includeInIndex = 0; path = TrackingSteps.app; sourceTree = BUILT_PRODUCTS_DIR; };
		1CCEB65524AE80EC000910DB /* AppDelegate.swift */ = {isa = PBXFileReference; lastKnownFileType = sourcecode.swift; path = AppDelegate.swift; sourceTree = "<group>"; };
		1CCEB65724AE80EC000910DB /* SceneDelegate.swift */ = {isa = PBXFileReference; lastKnownFileType = sourcecode.swift; path = SceneDelegate.swift; sourceTree = "<group>"; };
		1CCEB65924AE80EC000910DB /* ViewController.swift */ = {isa = PBXFileReference; lastKnownFileType = sourcecode.swift; path = ViewController.swift; sourceTree = "<group>"; };
		1CCEB65C24AE80EC000910DB /* Base */ = {isa = PBXFileReference; lastKnownFileType = file.storyboard; name = Base; path = Base.lproj/Main.storyboard; sourceTree = "<group>"; };
		1CCEB65E24AE80ED000910DB /* Assets.xcassets */ = {isa = PBXFileReference; lastKnownFileType = folder.assetcatalog; path = Assets.xcassets; sourceTree = "<group>"; };
		1CCEB66124AE80ED000910DB /* Base */ = {isa = PBXFileReference; lastKnownFileType = file.storyboard; name = Base; path = Base.lproj/LaunchScreen.storyboard; sourceTree = "<group>"; };
		1CCEB66324AE80ED000910DB /* Info.plist */ = {isa = PBXFileReference; lastKnownFileType = text.plist.xml; path = Info.plist; sourceTree = "<group>"; };
		1CCEB66924AE8700000910DB /* StartSteps.swift */ = {isa = PBXFileReference; lastKnownFileType = sourcecode.swift; path = StartSteps.swift; sourceTree = "<group>"; };
/* End PBXFileReference section */

/* Begin PBXFrameworksBuildPhase section */
		1CCEB64F24AE80EC000910DB /* Frameworks */ = {
			isa = PBXFrameworksBuildPhase;
			buildActionMask = 2147483647;
			files = (
			);
			runOnlyForDeploymentPostprocessing = 0;
		};
/* End PBXFrameworksBuildPhase section */

/* Begin PBXGroup section */
		1CCEB64924AE80EC000910DB = {
			isa = PBXGroup;
			children = (
				1CCEB65424AE80EC000910DB /* TrackingSteps */,
				1CCEB65324AE80EC000910DB /* Products */,
			);
			sourceTree = "<group>";
		};
		1CCEB65324AE80EC000910DB /* Products */ = {
			isa = PBXGroup;
			children = (
				1CCEB65224AE80EC000910DB /* TrackingSteps.app */,
			);
			name = Products;
			sourceTree = "<group>";
		};
		1CCEB65424AE80EC000910DB /* TrackingSteps */ = {
			isa = PBXGroup;
			children = (
				1CCEB65524AE80EC000910DB /* AppDelegate.swift */,
				1CCEB65724AE80EC000910DB /* SceneDelegate.swift */,
				1CCEB65924AE80EC000910DB /* ViewController.swift */,
				1CCEB66924AE8700000910DB /* StartSteps.swift */,
				1CCEB65B24AE80EC000910DB /* Main.storyboard */,
				1CCEB65E24AE80ED000910DB /* Assets.xcassets */,
				1CCEB66024AE80ED000910DB /* LaunchScreen.storyboard */,
				1CCEB66324AE80ED000910DB /* Info.plist */,
			);
			path = TrackingSteps;
			sourceTree = "<group>";
		};
/* End PBXGroup section */

/* Begin PBXNativeTarget section */
		1CCEB65124AE80EC000910DB /* TrackingSteps */ = {
			isa = PBXNativeTarget;
			buildConfigurationList = 1CCEB66624AE80ED000910DB /* Build configuration list for PBXNativeTarget "TrackingSteps" */;
			buildPhases = (
				1CCEB64E24AE80EC000910DB /* Sources */,
				1CCEB64F24AE80EC000910DB /* Frameworks */,
				1CCEB65024AE80EC000910DB /* Resources */,
			);
			buildRules = (
			);
			dependencies = (
			);
			name = TrackingSteps;
			productName = TrackingSteps;
			productReference = 1CCEB65224AE80EC000910DB /* TrackingSteps.app */;
			productType = "com.apple.product-type.application";
		};
/* End PBXNativeTarget section */

/* Begin PBXProject section */
		1CCEB64A24AE80EC000910DB /* Project object */ = {
			isa = PBXProject;
			attributes = {
				LastSwiftUpdateCheck = 1150;
				LastUpgradeCheck = 1150;
				ORGANIZATIONNAME = "Айдар";
				TargetAttributes = {
					1CCEB65124AE80EC000910DB = {
						CreatedOnToolsVersion = 11.5;
					};
				};
			};
			buildConfigurationList = 1CCEB64D24AE80EC000910DB /* Build configuration list for PBXProject "TrackingSteps" */;
			compatibilityVersion = "Xcode 9.3";
			developmentRegion = en;
			hasScannedForEncodings = 0;
			knownRegions = (
				en,
				Base,
			);
			mainGroup = 1CCEB64924AE80EC000910DB;
			productRefGroup = 1CCEB65324AE80EC000910DB /* Products */;
			projectDirPath = "";
			projectRoot = "";
			targets = (
				1CCEB65124AE80EC000910DB /* TrackingSteps */,
			);
		};
/* End PBXProject section */

/* Begin PBXResourcesBuildPhase section */
		1CCEB65024AE80EC000910DB /* Resources */ = {
			isa = PBXResourcesBuildPhase;
			buildActionMask = 2147483647;
			files = (
				1CCEB66224AE80ED000910DB /* LaunchScreen.storyboard in Resources */,
				1CCEB65F24AE80ED000910DB /* Assets.xcassets in Resources */,
				1CCEB65D24AE80EC000910DB /* Main.storyboard in Resources */,
			);
			runOnlyForDeploymentPostprocessing = 0;
		};
/* End PBXResourcesBuildPhase section */

/* Begin PBXSourcesBuildPhase section */
		1CCEB64E24AE80EC000910DB /* Sources */ = {
			isa = PBXSourcesBuildPhase;
			buildActionMask = 2147483647;
			files = (
				1CCEB66A24AE8700000910DB /* StartSteps.swift in Sources */,
				1CCEB65A24AE80EC000910DB /* ViewController.swift in Sources */,
				1CCEB65624AE80EC000910DB /* AppDelegate.swift in Sources */,
				1CCEB65824AE80EC000910DB /* SceneDelegate.swift in Sources */,
			);
			runOnlyForDeploymentPostprocessing = 0;
		};
/* End PBXSourcesBuildPhase section */

/* Begin PBXVariantGroup section */
		1CCEB65B24AE80EC000910DB /* Main.storyboard */ = {
			isa = PBXVariantGroup;
			children = (
				1CCEB65C24AE80EC000910DB /* Base */,
			);
			name = Main.storyboard;
			sourceTree = "<group>";
		};
		1CCEB66024AE80ED000910DB /* LaunchScreen.storyboard */ = {
			isa = PBXVariantGroup;
			children = (
				1CCEB66124AE80ED000910DB /* Base */,
			);
			name = LaunchScreen.storyboard;
			sourceTree = "<group>";
		};
/* End PBXVariantGroup section */

/* Begin XCBuildConfiguration section */
		1CCEB66424AE80ED000910DB /* Debug */ = {
			isa = XCBuildConfiguration;
			buildSettings = {
				ALWAYS_SEARCH_USER_PATHS = NO;
				CLANG_ANALYZER_NONNULL = YES;
				CLANG_ANALYZER_NUMBER_OBJECT_CONVERSION = YES_AGGRESSIVE;
				CLANG_CXX_LANGUAGE_STANDARD = "gnu++14";
				CLANG_CXX_LIBRARY = "libc++";
				CLANG_ENABLE_MODULES = YES;
				CLANG_ENABLE_OBJC_ARC = YES;
				CLANG_ENABLE_OBJC_WEAK = YES;
				CLANG_WARN_BLOCK_CAPTURE_AUTORELEASING = YES;
				CLANG_WARN_BOOL_CONVERSION = YES;
				CLANG_WARN_COMMA = YES;
				CLANG_WARN_CONSTANT_CONVERSION = YES;
				CLANG_WARN_DEPRECATED_OBJC_IMPLEMENTATIONS = YES;
				CLANG_WARN_DIRECT_OBJC_ISA_USAGE = YES_ERROR;
				CLANG_WARN_DOCUMENTATION_COMMENTS = YES;
				CLANG_WARN_EMPTY_BODY = YES;
				CLANG_WARN_ENUM_CONVERSION = YES;
				CLANG_WARN_INFINITE_RECURSION = YES;
				CLANG_WARN_INT_CONVERSION = YES;
				CLANG_WARN_NON_LITERAL_NULL_CONVERSION = YES;
				CLANG_WARN_OBJC_IMPLICIT_RETAIN_SELF = YES;
				CLANG_WARN_OBJC_LITERAL_CONVERSION = YES;
				CLANG_WARN_OBJC_ROOT_CLASS = YES_ERROR;
				CLANG_WARN_RANGE_LOOP_ANALYSIS = YES;
				CLANG_WARN_STRICT_PROTOTYPES = YES;
				CLANG_WARN_SUSPICIOUS_MOVE = YES;
				CLANG_WARN_UNGUARDED_AVAILABILITY = YES_AGGRESSIVE;
				CLANG_WARN_UNREACHABLE_CODE = YES;
				CLANG_WARN__DUPLICATE_METHOD_MATCH = YES;
				COPY_PHASE_STRIP = NO;
				DEBUG_INFORMATION_FORMAT = dwarf;
				ENABLE_STRICT_OBJC_MSGSEND = YES;
				ENABLE_TESTABILITY = YES;
				GCC_C_LANGUAGE_STANDARD = gnu11;
				GCC_DYNAMIC_NO_PIC = NO;
				GCC_NO_COMMON_BLOCKS = YES;
				GCC_OPTIMIZATION_LEVEL = 0;
				GCC_PREPROCESSOR_DEFINITIONS = (
					"DEBUG=1",
					"$(inherited)",
				);
				GCC_WARN_64_TO_32_BIT_CONVERSION = YES;
				GCC_WARN_ABOUT_RETURN_TYPE = YES_ERROR;
				GCC_WARN_UNDECLARED_SELECTOR = YES;
				GCC_WARN_UNINITIALIZED_AUTOS = YES_AGGRESSIVE;
				GCC_WARN_UNUSED_FUNCTION = YES;
				GCC_WARN_UNUSED_VARIABLE = YES;
				IPHONEOS_DEPLOYMENT_TARGET = 13.5;
				MTL_ENABLE_DEBUG_INFO = INCLUDE_SOURCE;
				MTL_FAST_MATH = YES;
				ONLY_ACTIVE_ARCH = YES;
				SDKROOT = iphoneos;
				SWIFT_ACTIVE_COMPILATION_CONDITIONS = DEBUG;
				SWIFT_OPTIMIZATION_LEVEL = "-Onone";
			};
			name = Debug;
		};
		1CCEB66524AE80ED000910DB /* Release */ = {
			isa = XCBuildConfiguration;
			buildSettings = {
				ALWAYS_SEARCH_USER_PATHS = NO;
				CLANG_ANALYZER_NONNULL = YES;
				CLANG_ANALYZER_NUMBER_OBJECT_CONVERSION = YES_AGGRESSIVE;
				CLANG_CXX_LANGUAGE_STANDARD = "gnu++14";
				CLANG_CXX_LIBRARY = "libc++";
				CLANG_ENABLE_MODULES = YES;
				CLANG_ENABLE_OBJC_ARC = YES;
				CLANG_ENABLE_OBJC_WEAK = YES;
				CLANG_WARN_BLOCK_CAPTURE_AUTORELEASING = YES;
				CLANG_WARN_BOOL_CONVERSION = YES;
				CLANG_WARN_COMMA = YES;
				CLANG_WARN_CONSTANT_CONVERSION = YES;
				CLANG_WARN_DEPRECATED_OBJC_IMPLEMENTATIONS = YES;
				CLANG_WARN_DIRECT_OBJC_ISA_USAGE = YES_ERROR;
				CLANG_WARN_DOCUMENTATION_COMMENTS = YES;
				CLANG_WARN_EMPTY_BODY = YES;
				CLANG_WARN_ENUM_CONVERSION = YES;
				CLANG_WARN_INFINITE_RECURSION = YES;
				CLANG_WARN_INT_CONVERSION = YES;
				CLANG_WARN_NON_LITERAL_NULL_CONVERSION = YES;
				CLANG_WARN_OBJC_IMPLICIT_RETAIN_SELF = YES;
				CLANG_WARN_OBJC_LITERAL_CONVERSION = YES;
				CLANG_WARN_OBJC_ROOT_CLASS = YES_ERROR;
				CLANG_WARN_RANGE_LOOP_ANALYSIS = YES;
				CLANG_WARN_STRICT_PROTOTYPES = YES;
				CLANG_WARN_SUSPICIOUS_MOVE = YES;
				CLANG_WARN_UNGUARDED_AVAILABILITY = YES_AGGRESSIVE;
				CLANG_WARN_UNREACHABLE_CODE = YES;
				CLANG_WARN__DUPLICATE_METHOD_MATCH = YES;
				COPY_PHASE_STRIP = NO;
				DEBUG_INFORMATION_FORMAT = "dwarf-with-dsym";
				ENABLE_NS_ASSERTIONS = NO;
				ENABLE_STRICT_OBJC_MSGSEND = YES;
				GCC_C_LANGUAGE_STANDARD = gnu11;
				GCC_NO_COMMON_BLOCKS = YES;
				GCC_WARN_64_TO_32_BIT_CONVERSION = YES;
				GCC_WARN_ABOUT_RETURN_TYPE = YES_ERROR;
				GCC_WARN_UNDECLARED_SELECTOR = YES;
				GCC_WARN_UNINITIALIZED_AUTOS = YES_AGGRESSIVE;
				GCC_WARN_UNUSED_FUNCTION = YES;
				GCC_WARN_UNUSED_VARIABLE = YES;
				IPHONEOS_DEPLOYMENT_TARGET = 13.5;
				MTL_ENABLE_DEBUG_INFO = NO;
				MTL_FAST_MATH = YES;
				SDKROOT = iphoneos;
				SWIFT_COMPILATION_MODE = wholemodule;
				SWIFT_OPTIMIZATION_LEVEL = "-O";
				VALIDATE_PRODUCT = YES;
			};
			name = Release;
		};
		1CCEB66724AE80ED000910DB /* Debug */ = {
			isa = XCBuildConfiguration;
			buildSettings = {
				ASSETCATALOG_COMPILER_APPICON_NAME = AppIcon;
				CODE_SIGN_STYLE = Automatic;
				DEVELOPMENT_TEAM = 2AN3YDMC96;
				INFOPLIST_FILE = TrackingSteps/Info.plist;
				LD_RUNPATH_SEARCH_PATHS = (
					"$(inherited)",
					"@executable_path/Frameworks",
				);
				PRODUCT_BUNDLE_IDENTIFIER = com.habibullin.TrackingSteps;
				PRODUCT_NAME = "$(TARGET_NAME)";
				SWIFT_VERSION = 5.0;
				TARGETED_DEVICE_FAMILY = "1,2";
			};
			name = Debug;
		};
		1CCEB66824AE80ED000910DB /* Release */ = {
			isa = XCBuildConfiguration;
			buildSettings = {
				ASSETCATALOG_COMPILER_APPICON_NAME = AppIcon;
				CODE_SIGN_STYLE = Automatic;
				DEVELOPMENT_TEAM = 2AN3YDMC96;
				INFOPLIST_FILE = TrackingSteps/Info.plist;
				LD_RUNPATH_SEARCH_PATHS = (
					"$(inherited)",
					"@executable_path/Frameworks",
				);
				PRODUCT_BUNDLE_IDENTIFIER = com.habibullin.TrackingSteps;
				PRODUCT_NAME = "$(TARGET_NAME)";
				SWIFT_VERSION = 5.0;
				TARGETED_DEVICE_FAMILY = "1,2";
			};
			name = Release;
		};
/* End XCBuildConfiguration section */

/* Begin XCConfigurationList section */
		1CCEB64D24AE80EC000910DB /* Build configuration list for PBXProject "TrackingSteps" */ = {
			isa = XCConfigurationList;
			buildConfigurations = (
				1CCEB66424AE80ED000910DB /* Debug */,
				1CCEB66524AE80ED000910DB /* Release */,
			);
			defaultConfigurationIsVisible = 0;
			defaultConfigurationName = Release;
		};
		1CCEB66624AE80ED000910DB /* Build configuration list for PBXNativeTarget "TrackingSteps" */ = {
			isa = XCConfigurationList;
			buildConfigurations = (
				1CCEB66724AE80ED000910DB /* Debug */,
				1CCEB66824AE80ED000910DB /* Release */,
			);
			defaultConfigurationIsVisible = 0;
			defaultConfigurationName = Release;
		};
/* End XCConfigurationList section */
	};
	rootObject = 1CCEB64A24AE80EC000910DB /* Project object */;
}
